
Microsoft Visual Studio Solution File, Format Version 12.00
# Visual Studio Version 17
VisualStudioVersion = 17.2.32602.215
MinimumVisualStudioVersion = 10.0.40219.1
Project("{FAE04EC0-301F-11D3-BF4B-00C04F79EFBC}") = "Assignment3", "Assignment3\Assignment3.csproj", "{02699F7D-934A-4F13-B717-CEB9978FE925}"
EndProject
Global
	GlobalSection(SolutionConfigurationPlatforms) = preSolution
		Debug|Any CPU = Debug|Any CPU
		Release|Any CPU = Release|Any CPU
	EndGlobalSection
	GlobalSection(ProjectConfigurationPlatforms) = postSolution
		{02699F7D-934A-4F13-B717-CEB9978FE925}.Debug|Any CPU.ActiveCfg = Debug|Any CPU
		{02699F7D-934A-4F13-B717-CEB9978FE925}.Debug|Any CPU.Build.0 = Debug|Any CPU
		{02699F7D-934A-4F13-B717-CEB9978FE925}.Release|Any CPU.ActiveCfg = Release|Any CPU
		{02699F7D-934A-4F13-B717-CEB9978FE925}.Release|Any CPU.Build.0 = Release|Any CPU
	EndGlobalSection
	GlobalSection(SolutionProperties) = preSolution
		HideSolutionNode = FALSE
	EndGlobalSection
	GlobalSection(ExtensibilityGlobals) = postSolution
		SolutionGuid = {4DFEC1CC-A813-4544-993F-0307C0E0A333}
	EndGlobalSection
EndGlobal
